
Microsoft Visual Studio Solution File, Format Version 12.00
# Visual Studio Version 17
VisualStudioVersion = 17.4.33122.133
MinimumVisualStudioVersion = 10.0.40219.1
Project("{FAE04EC0-301F-11D3-BF4B-00C04F79EFBC}") = "Game21ConsoleApp", "Game21ConsoleApp.csproj", "{5AF2CE0E-C04E-46FE-A905-B7D3B5AD254E}"
EndProject
Global
	GlobalSection(SolutionConfigurationPlatforms) = preSolution
		Debug|Any CPU = Debug|Any CPU
		Release|Any CPU = Release|Any CPU
	EndGlobalSection
	GlobalSection(ProjectConfigurationPlatforms) = postSolution
		{5AF2CE0E-C04E-46FE-A905-B7D3B5AD254E}.Debug|Any CPU.ActiveCfg = Debug|Any CPU
		{5AF2CE0E-C04E-46FE-A905-B7D3B5AD254E}.Debug|Any CPU.Build.0 = Debug|Any CPU
		{5AF2CE0E-C04E-46FE-A905-B7D3B5AD254E}.Release|Any CPU.ActiveCfg = Release|Any CPU
		{5AF2CE0E-C04E-46FE-A905-B7D3B5AD254E}.Release|Any CPU.Build.0 = Release|Any CPU
	EndGlobalSection
	GlobalSection(SolutionProperties) = preSolution
		HideSolutionNode = FALSE
	EndGlobalSection
	GlobalSection(ExtensibilityGlobals) = postSolution
		SolutionGuid = {B2BA13FE-7F49-4437-87B8-43C619C583BD}
	EndGlobalSection
EndGlobal
