
Microsoft Visual Studio Solution File, Format Version 12.00
# Visual Studio Version 17
VisualStudioVersion = 17.4.33122.133
MinimumVisualStudioVersion = 10.0.40219.1
Project("{FAE04EC0-301F-11D3-BF4B-00C04F79EFBC}") = "PrilogenieConsoleApp", "PrilogenieConsoleApp.csproj", "{040067F0-6423-4756-BF71-0F23918DFB9F}"
EndProject
Global
	GlobalSection(SolutionConfigurationPlatforms) = preSolution
		Debug|Any CPU = Debug|Any CPU
		Release|Any CPU = Release|Any CPU
	EndGlobalSection
	GlobalSection(ProjectConfigurationPlatforms) = postSolution
		{040067F0-6423-4756-BF71-0F23918DFB9F}.Debug|Any CPU.ActiveCfg = Debug|Any CPU
		{040067F0-6423-4756-BF71-0F23918DFB9F}.Debug|Any CPU.Build.0 = Debug|Any CPU
		{040067F0-6423-4756-BF71-0F23918DFB9F}.Release|Any CPU.ActiveCfg = Release|Any CPU
		{040067F0-6423-4756-BF71-0F23918DFB9F}.Release|Any CPU.Build.0 = Release|Any CPU
	EndGlobalSection
	GlobalSection(SolutionProperties) = preSolution
		HideSolutionNode = FALSE
	EndGlobalSection
	GlobalSection(ExtensibilityGlobals) = postSolution
		SolutionGuid = {57F618FF-31D9-40FA-8FAF-75167F8E6E82}
	EndGlobalSection
EndGlobal
